// !$*UTF8*$!
{
	archiveVersion = 1;
	classes = {
	};
	objectVersion = 56;
	objects = {

/* Begin PBXBuildFile section */
		E43F10602B9F04FA00602228 /* AppDelegate.swift in Sources */ = {isa = PBXBuildFile; fileRef = E43F105F2B9F04FA00602228 /* AppDelegate.swift */; };
		E43F10622B9F04FA00602228 /* SceneDelegate.swift in Sources */ = {isa = PBXBuildFile; fileRef = E43F10612B9F04FA00602228 /* SceneDelegate.swift */; };
		E43F10642B9F04FA00602228 /* HomeViewController.swift in Sources */ = {isa = PBXBuildFile; fileRef = E43F10632B9F04FA00602228 /* HomeViewController.swift */; };
		E43F10692B9F04FC00602228 /* Assets.xcassets in Resources */ = {isa = PBXBuildFile; fileRef = E43F10682B9F04FC00602228 /* Assets.xcassets */; };
		E43F106C2B9F04FC00602228 /* LaunchScreen.storyboard in Resources */ = {isa = PBXBuildFile; fileRef = E43F106A2B9F04FC00602228 /* LaunchScreen.storyboard */; };
		E43F10772B9F04FC00602228 /* ProgrammaticallyNavigationTests.swift in Sources */ = {isa = PBXBuildFile; fileRef = E43F10762B9F04FC00602228 /* ProgrammaticallyNavigationTests.swift */; };
		E43F10812B9F04FD00602228 /* ProgrammaticallyNavigationUITests.swift in Sources */ = {isa = PBXBuildFile; fileRef = E43F10802B9F04FD00602228 /* ProgrammaticallyNavigationUITests.swift */; };
		E43F10832B9F04FD00602228 /* ProgrammaticallyNavigationUITestsLaunchTests.swift in Sources */ = {isa = PBXBuildFile; fileRef = E43F10822B9F04FD00602228 /* ProgrammaticallyNavigationUITestsLaunchTests.swift */; };
		E43F10902B9F061F00602228 /* NextViewController.swift in Sources */ = {isa = PBXBuildFile; fileRef = E43F108F2B9F061F00602228 /* NextViewController.swift */; };
		E43F10922B9F079400602228 /* UserTabBarController.swift in Sources */ = {isa = PBXBuildFile; fileRef = E43F10912B9F079400602228 /* UserTabBarController.swift */; };
		E43F10942B9F093600602228 /* SearchViewController.swift in Sources */ = {isa = PBXBuildFile; fileRef = E43F10932B9F093600602228 /* SearchViewController.swift */; };
		E43F10962B9F094300602228 /* ProfileViewController.swift in Sources */ = {isa = PBXBuildFile; fileRef = E43F10952B9F094300602228 /* ProfileViewController.swift */; };
		E43F10982B9F0EEA00602228 /* GuestTabBarController.swift in Sources */ = {isa = PBXBuildFile; fileRef = E43F10972B9F0EEA00602228 /* GuestTabBarController.swift */; };
		E43F109A2B9F142500602228 /* LoginViewController.swift in Sources */ = {isa = PBXBuildFile; fileRef = E43F10992B9F142500602228 /* LoginViewController.swift */; };
/* End PBXBuildFile section */

/* Begin PBXContainerItemProxy section */
		E43F10732B9F04FC00602228 /* PBXContainerItemProxy */ = {
			isa = PBXContainerItemProxy;
			containerPortal = E43F10542B9F04FA00602228 /* Project object */;
			proxyType = 1;
			remoteGlobalIDString = E43F105B2B9F04FA00602228;
			remoteInfo = ProgrammaticallyNavigation;
		};
		E43F107D2B9F04FD00602228 /* PBXContainerItemProxy */ = {
			isa = PBXContainerItemProxy;
			containerPortal = E43F10542B9F04FA00602228 /* Project object */;
			proxyType = 1;
			remoteGlobalIDString = E43F105B2B9F04FA00602228;
			remoteInfo = ProgrammaticallyNavigation;
		};
/* End PBXContainerItemProxy section */

/* Begin PBXFileReference section */
		E43F105C2B9F04FA00602228 /* ProgrammaticallyNavigation.app */ = {isa = PBXFileReference; explicitFileType = wrapper.application; includeInIndex = 0; path = ProgrammaticallyNavigation.app; sourceTree = BUILT_PRODUCTS_DIR; };
		E43F105F2B9F04FA00602228 /* AppDelegate.swift */ = {isa = PBXFileReference; lastKnownFileType = sourcecode.swift; path = AppDelegate.swift; sourceTree = "<group>"; };
		E43F10612B9F04FA00602228 /* SceneDelegate.swift */ = {isa = PBXFileReference; lastKnownFileType = sourcecode.swift; path = SceneDelegate.swift; sourceTree = "<group>"; };
		E43F10632B9F04FA00602228 /* HomeViewController.swift */ = {isa = PBXFileReference; lastKnownFileType = sourcecode.swift; path = HomeViewController.swift; sourceTree = "<group>"; };
		E43F10682B9F04FC00602228 /* Assets.xcassets */ = {isa = PBXFileReference; lastKnownFileType = folder.assetcatalog; path = Assets.xcassets; sourceTree = "<group>"; };
		E43F106B2B9F04FC00602228 /* Base */ = {isa = PBXFileReference; lastKnownFileType = file.storyboard; name = Base; path = Base.lproj/LaunchScreen.storyboard; sourceTree = "<group>"; };
		E43F106D2B9F04FC00602228 /* Info.plist */ = {isa = PBXFileReference; lastKnownFileType = text.plist.xml; path = Info.plist; sourceTree = "<group>"; };
		E43F10722B9F04FC00602228 /* ProgrammaticallyNavigationTests.xctest */ = {isa = PBXFileReference; explicitFileType = wrapper.cfbundle; includeInIndex = 0; path = ProgrammaticallyNavigationTests.xctest; sourceTree = BUILT_PRODUCTS_DIR; };
		E43F10762B9F04FC00602228 /* ProgrammaticallyNavigationTests.swift */ = {isa = PBXFileReference; lastKnownFileType = sourcecode.swift; path = ProgrammaticallyNavigationTests.swift; sourceTree = "<group>"; };
		E43F107C2B9F04FD00602228 /* ProgrammaticallyNavigationUITests.xctest */ = {isa = PBXFileReference; explicitFileType = wrapper.cfbundle; includeInIndex = 0; path = ProgrammaticallyNavigationUITests.xctest; sourceTree = BUILT_PRODUCTS_DIR; };
		E43F10802B9F04FD00602228 /* ProgrammaticallyNavigationUITests.swift */ = {isa = PBXFileReference; lastKnownFileType = sourcecode.swift; path = ProgrammaticallyNavigationUITests.swift; sourceTree = "<group>"; };
		E43F10822B9F04FD00602228 /* ProgrammaticallyNavigationUITestsLaunchTests.swift */ = {isa = PBXFileReference; lastKnownFileType = sourcecode.swift; path = ProgrammaticallyNavigationUITestsLaunchTests.swift; sourceTree = "<group>"; };
		E43F108F2B9F061F00602228 /* NextViewController.swift */ = {isa = PBXFileReference; lastKnownFileType = sourcecode.swift; path = NextViewController.swift; sourceTree = "<group>"; };
		E43F10912B9F079400602228 /* UserTabBarController.swift */ = {isa = PBXFileReference; lastKnownFileType = sourcecode.swift; path = UserTabBarController.swift; sourceTree = "<group>"; };
		E43F10932B9F093600602228 /* SearchViewController.swift */ = {isa = PBXFileReference; lastKnownFileType = sourcecode.swift; path = SearchViewController.swift; sourceTree = "<group>"; };
		E43F10952B9F094300602228 /* ProfileViewController.swift */ = {isa = PBXFileReference; lastKnownFileType = sourcecode.swift; path = ProfileViewController.swift; sourceTree = "<group>"; };
		E43F10972B9F0EEA00602228 /* GuestTabBarController.swift */ = {isa = PBXFileReference; lastKnownFileType = sourcecode.swift; path = GuestTabBarController.swift; sourceTree = "<group>"; };
		E43F10992B9F142500602228 /* LoginViewController.swift */ = {isa = PBXFileReference; lastKnownFileType = sourcecode.swift; path = LoginViewController.swift; sourceTree = "<group>"; };
/* End PBXFileReference section */

/* Begin PBXFrameworksBuildPhase section */
		E43F10592B9F04FA00602228 /* Frameworks */ = {
			isa = PBXFrameworksBuildPhase;
			buildActionMask = 2147483647;
			files = (
			);
			runOnlyForDeploymentPostprocessing = 0;
		};
		E43F106F2B9F04FC00602228 /* Frameworks */ = {
			isa = PBXFrameworksBuildPhase;
			buildActionMask = 2147483647;
			files = (
			);
			runOnlyForDeploymentPostprocessing = 0;
		};
		E43F10792B9F04FD00602228 /* Frameworks */ = {
			isa = PBXFrameworksBuildPhase;
			buildActionMask = 2147483647;
			files = (
			);
			runOnlyForDeploymentPostprocessing = 0;
		};
/* End PBXFrameworksBuildPhase section */

/* Begin PBXGroup section */
		E43F10532B9F04FA00602228 = {
			isa = PBXGroup;
			children = (
				E43F105E2B9F04FA00602228 /* ProgrammaticallyNavigation */,
				E43F10752B9F04FC00602228 /* ProgrammaticallyNavigationTests */,
				E43F107F2B9F04FD00602228 /* ProgrammaticallyNavigationUITests */,
				E43F105D2B9F04FA00602228 /* Products */,
			);
			sourceTree = "<group>";
		};
		E43F105D2B9F04FA00602228 /* Products */ = {
			isa = PBXGroup;
			children = (
				E43F105C2B9F04FA00602228 /* ProgrammaticallyNavigation.app */,
				E43F10722B9F04FC00602228 /* ProgrammaticallyNavigationTests.xctest */,
				E43F107C2B9F04FD00602228 /* ProgrammaticallyNavigationUITests.xctest */,
			);
			name = Products;
			sourceTree = "<group>";
		};
		E43F105E2B9F04FA00602228 /* ProgrammaticallyNavigation */ = {
			isa = PBXGroup;
			children = (
				E43F105F2B9F04FA00602228 /* AppDelegate.swift */,
				E43F10612B9F04FA00602228 /* SceneDelegate.swift */,
				E43F10632B9F04FA00602228 /* HomeViewController.swift */,
				E43F10972B9F0EEA00602228 /* GuestTabBarController.swift */,
				E43F10992B9F142500602228 /* LoginViewController.swift */,
				E43F10912B9F079400602228 /* UserTabBarController.swift */,
				E43F10932B9F093600602228 /* SearchViewController.swift */,
				E43F10952B9F094300602228 /* ProfileViewController.swift */,
				E43F10682B9F04FC00602228 /* Assets.xcassets */,
				E43F106A2B9F04FC00602228 /* LaunchScreen.storyboard */,
				E43F106D2B9F04FC00602228 /* Info.plist */,
				E43F108F2B9F061F00602228 /* NextViewController.swift */,
			);
			path = ProgrammaticallyNavigation;
			sourceTree = "<group>";
		};
		E43F10752B9F04FC00602228 /* ProgrammaticallyNavigationTests */ = {
			isa = PBXGroup;
			children = (
				E43F10762B9F04FC00602228 /* ProgrammaticallyNavigationTests.swift */,
			);
			path = ProgrammaticallyNavigationTests;
			sourceTree = "<group>";
		};
		E43F107F2B9F04FD00602228 /* ProgrammaticallyNavigationUITests */ = {
			isa = PBXGroup;
			children = (
				E43F10802B9F04FD00602228 /* ProgrammaticallyNavigationUITests.swift */,
				E43F10822B9F04FD00602228 /* ProgrammaticallyNavigationUITestsLaunchTests.swift */,
			);
			path = ProgrammaticallyNavigationUITests;
			sourceTree = "<group>";
		};
/* End PBXGroup section */

/* Begin PBXNativeTarget section */
		E43F105B2B9F04FA00602228 /* ProgrammaticallyNavigation */ = {
			isa = PBXNativeTarget;
			buildConfigurationList = E43F10862B9F04FD00602228 /* Build configuration list for PBXNativeTarget "ProgrammaticallyNavigation" */;
			buildPhases = (
				E43F10582B9F04FA00602228 /* Sources */,
				E43F10592B9F04FA00602228 /* Frameworks */,
				E43F105A2B9F04FA00602228 /* Resources */,
			);
			buildRules = (
			);
			dependencies = (
			);
			name = ProgrammaticallyNavigation;
			productName = ProgrammaticallyNavigation;
			productReference = E43F105C2B9F04FA00602228 /* ProgrammaticallyNavigation.app */;
			productType = "com.apple.product-type.application";
		};
		E43F10712B9F04FC00602228 /* ProgrammaticallyNavigationTests */ = {
			isa = PBXNativeTarget;
			buildConfigurationList = E43F10892B9F04FD00602228 /* Build configuration list for PBXNativeTarget "ProgrammaticallyNavigationTests" */;
			buildPhases = (
				E43F106E2B9F04FC00602228 /* Sources */,
				E43F106F2B9F04FC00602228 /* Frameworks */,
				E43F10702B9F04FC00602228 /* Resources */,
			);
			buildRules = (
			);
			dependencies = (
				E43F10742B9F04FC00602228 /* PBXTargetDependency */,
			);
			name = ProgrammaticallyNavigationTests;
			productName = ProgrammaticallyNavigationTests;
			productReference = E43F10722B9F04FC00602228 /* ProgrammaticallyNavigationTests.xctest */;
			productType = "com.apple.product-type.bundle.unit-test";
		};
		E43F107B2B9F04FD00602228 /* ProgrammaticallyNavigationUITests */ = {
			isa = PBXNativeTarget;
			buildConfigurationList = E43F108C2B9F04FD00602228 /* Build configuration list for PBXNativeTarget "ProgrammaticallyNavigationUITests" */;
			buildPhases = (
				E43F10782B9F04FD00602228 /* Sources */,
				E43F10792B9F04FD00602228 /* Frameworks */,
				E43F107A2B9F04FD00602228 /* Resources */,
			);
			buildRules = (
			);
			dependencies = (
				E43F107E2B9F04FD00602228 /* PBXTargetDependency */,
			);
			name = ProgrammaticallyNavigationUITests;
			productName = ProgrammaticallyNavigationUITests;
			productReference = E43F107C2B9F04FD00602228 /* ProgrammaticallyNavigationUITests.xctest */;
			productType = "com.apple.product-type.bundle.ui-testing";
		};
/* End PBXNativeTarget section */

/* Begin PBXProject section */
		E43F10542B9F04FA00602228 /* Project object */ = {
			isa = PBXProject;
			attributes = {
				BuildIndependentTargetsInParallel = 1;
				LastSwiftUpdateCheck = 1500;
				LastUpgradeCheck = 1500;
				TargetAttributes = {
					E43F105B2B9F04FA00602228 = {
						CreatedOnToolsVersion = 15.0;
					};
					E43F10712B9F04FC00602228 = {
						CreatedOnToolsVersion = 15.0;
						TestTargetID = E43F105B2B9F04FA00602228;
					};
					E43F107B2B9F04FD00602228 = {
						CreatedOnToolsVersion = 15.0;
						TestTargetID = E43F105B2B9F04FA00602228;
					};
				};
			};
			buildConfigurationList = E43F10572B9F04FA00602228 /* Build configuration list for PBXProject "ProgrammaticallyNavigation" */;
			compatibilityVersion = "Xcode 14.0";
			developmentRegion = en;
			hasScannedForEncodings = 0;
			knownRegions = (
				en,
				Base,
			);
			mainGroup = E43F10532B9F04FA00602228;
			productRefGroup = E43F105D2B9F04FA00602228 /* Products */;
			projectDirPath = "";
			projectRoot = "";
			targets = (
				E43F105B2B9F04FA00602228 /* ProgrammaticallyNavigation */,
				E43F10712B9F04FC00602228 /* ProgrammaticallyNavigationTests */,
				E43F107B2B9F04FD00602228 /* ProgrammaticallyNavigationUITests */,
			);
		};
/* End PBXProject section */

/* Begin PBXResourcesBuildPhase section */
		E43F105A2B9F04FA00602228 /* Resources */ = {
			isa = PBXResourcesBuildPhase;
			buildActionMask = 2147483647;
			files = (
				E43F106C2B9F04FC00602228 /* LaunchScreen.storyboard in Resources */,
				E43F10692B9F04FC00602228 /* Assets.xcassets in Resources */,
			);
			runOnlyForDeploymentPostprocessing = 0;
		};
		E43F10702B9F04FC00602228 /* Resources */ = {
			isa = PBXResourcesBuildPhase;
			buildActionMask = 2147483647;
			files = (
			);
			runOnlyForDeploymentPostprocessing = 0;
		};
		E43F107A2B9F04FD00602228 /* Resources */ = {
			isa = PBXResourcesBuildPhase;
			buildActionMask = 2147483647;
			files = (
			);
			runOnlyForDeploymentPostprocessing = 0;
		};
/* End PBXResourcesBuildPhase section */

/* Begin PBXSourcesBuildPhase section */
		E43F10582B9F04FA00602228 /* Sources */ = {
			isa = PBXSourcesBuildPhase;
			buildActionMask = 2147483647;
			files = (
				E43F109A2B9F142500602228 /* LoginViewController.swift in Sources */,
				E43F10942B9F093600602228 /* SearchViewController.swift in Sources */,
				E43F10922B9F079400602228 /* UserTabBarController.swift in Sources */,
				E43F10642B9F04FA00602228 /* HomeViewController.swift in Sources */,
				E43F10902B9F061F00602228 /* NextViewController.swift in Sources */,
				E43F10962B9F094300602228 /* ProfileViewController.swift in Sources */,
				E43F10602B9F04FA00602228 /* AppDelegate.swift in Sources */,
				E43F10982B9F0EEA00602228 /* GuestTabBarController.swift in Sources */,
				E43F10622B9F04FA00602228 /* SceneDelegate.swift in Sources */,
			);
			runOnlyForDeploymentPostprocessing = 0;
		};
		E43F106E2B9F04FC00602228 /* Sources */ = {
			isa = PBXSourcesBuildPhase;
			buildActionMask = 2147483647;
			files = (
				E43F10772B9F04FC00602228 /* ProgrammaticallyNavigationTests.swift in Sources */,
			);
			runOnlyForDeploymentPostprocessing = 0;
		};
		E43F10782B9F04FD00602228 /* Sources */ = {
			isa = PBXSourcesBuildPhase;
			buildActionMask = 2147483647;
			files = (
				E43F10832B9F04FD00602228 /* ProgrammaticallyNavigationUITestsLaunchTests.swift in Sources */,
				E43F10812B9F04FD00602228 /* ProgrammaticallyNavigationUITests.swift in Sources */,
			);
			runOnlyForDeploymentPostprocessing = 0;
		};
/* End PBXSourcesBuildPhase section */

/* Begin PBXTargetDependency section */
		E43F10742B9F04FC00602228 /* PBXTargetDependency */ = {
			isa = PBXTargetDependency;
			target = E43F105B2B9F04FA00602228 /* ProgrammaticallyNavigation */;
			targetProxy = E43F10732B9F04FC00602228 /* PBXContainerItemProxy */;
		};
		E43F107E2B9F04FD00602228 /* PBXTargetDependency */ = {
			isa = PBXTargetDependency;
			target = E43F105B2B9F04FA00602228 /* ProgrammaticallyNavigation */;
			targetProxy = E43F107D2B9F04FD00602228 /* PBXContainerItemProxy */;
		};
/* End PBXTargetDependency section */

/* Begin PBXVariantGroup section */
		E43F106A2B9F04FC00602228 /* LaunchScreen.storyboard */ = {
			isa = PBXVariantGroup;
			children = (
				E43F106B2B9F04FC00602228 /* Base */,
			);
			name = LaunchScreen.storyboard;
			sourceTree = "<group>";
		};
/* End PBXVariantGroup section */

/* Begin XCBuildConfiguration section */
		E43F10842B9F04FD00602228 /* Debug */ = {
			isa = XCBuildConfiguration;
			buildSettings = {
				ALWAYS_SEARCH_USER_PATHS = NO;
				ASSETCATALOG_COMPILER_GENERATE_SWIFT_ASSET_SYMBOL_EXTENSIONS = YES;
				CLANG_ANALYZER_NONNULL = YES;
				CLANG_ANALYZER_NUMBER_OBJECT_CONVERSION = YES_AGGRESSIVE;
				CLANG_CXX_LANGUAGE_STANDARD = "gnu++20";
				CLANG_ENABLE_MODULES = YES;
				CLANG_ENABLE_OBJC_ARC = YES;
				CLANG_ENABLE_OBJC_WEAK = YES;
				CLANG_WARN_BLOCK_CAPTURE_AUTORELEASING = YES;
				CLANG_WARN_BOOL_CONVERSION = YES;
				CLANG_WARN_COMMA = YES;
				CLANG_WARN_CONSTANT_CONVERSION = YES;
				CLANG_WARN_DEPRECATED_OBJC_IMPLEMENTATIONS = YES;
				CLANG_WARN_DIRECT_OBJC_ISA_USAGE = YES_ERROR;
				CLANG_WARN_DOCUMENTATION_COMMENTS = YES;
				CLANG_WARN_EMPTY_BODY = YES;
				CLANG_WARN_ENUM_CONVERSION = YES;
				CLANG_WARN_INFINITE_RECURSION = YES;
				CLANG_WARN_INT_CONVERSION = YES;
				CLANG_WARN_NON_LITERAL_NULL_CONVERSION = YES;
				CLANG_WARN_OBJC_IMPLICIT_RETAIN_SELF = YES;
				CLANG_WARN_OBJC_LITERAL_CONVERSION = YES;
				CLANG_WARN_OBJC_ROOT_CLASS = YES_ERROR;
				CLANG_WARN_QUOTED_INCLUDE_IN_FRAMEWORK_HEADER = YES;
				CLANG_WARN_RANGE_LOOP_ANALYSIS = YES;
				CLANG_WARN_STRICT_PROTOTYPES = YES;
				CLANG_WARN_SUSPICIOUS_MOVE = YES;
				CLANG_WARN_UNGUARDED_AVAILABILITY = YES_AGGRESSIVE;
				CLANG_WARN_UNREACHABLE_CODE = YES;
				CLANG_WARN__DUPLICATE_METHOD_MATCH = YES;
				COPY_PHASE_STRIP = NO;
				DEBUG_INFORMATION_FORMAT = dwarf;
				ENABLE_STRICT_OBJC_MSGSEND = YES;
				ENABLE_TESTABILITY = YES;
				ENABLE_USER_SCRIPT_SANDBOXING = YES;
				GCC_C_LANGUAGE_STANDARD = gnu17;
				GCC_DYNAMIC_NO_PIC = NO;
				GCC_NO_COMMON_BLOCKS = YES;
				GCC_OPTIMIZATION_LEVEL = 0;
				GCC_PREPROCESSOR_DEFINITIONS = (
					"DEBUG=1",
					"$(inherited)",
				);
				GCC_WARN_64_TO_32_BIT_CONVERSION = YES;
				GCC_WARN_ABOUT_RETURN_TYPE = YES_ERROR;
				GCC_WARN_UNDECLARED_SELECTOR = YES;
				GCC_WARN_UNINITIALIZED_AUTOS = YES_AGGRESSIVE;
				GCC_WARN_UNUSED_FUNCTION = YES;
				GCC_WARN_UNUSED_VARIABLE = YES;
				IPHONEOS_DEPLOYMENT_TARGET = 17.0;
				LOCALIZATION_PREFERS_STRING_CATALOGS = YES;
				MTL_ENABLE_DEBUG_INFO = INCLUDE_SOURCE;
				MTL_FAST_MATH = YES;
				ONLY_ACTIVE_ARCH = YES;
				SDKROOT = iphoneos;
				SWIFT_ACTIVE_COMPILATION_CONDITIONS = "DEBUG $(inherited)";
				SWIFT_OPTIMIZATION_LEVEL = "-Onone";
			};
			name = Debug;
		};
		E43F10852B9F04FD00602228 /* Release */ = {
			isa = XCBuildConfiguration;
			buildSettings = {
				ALWAYS_SEARCH_USER_PATHS = NO;
				ASSETCATALOG_COMPILER_GENERATE_SWIFT_ASSET_SYMBOL_EXTENSIONS = YES;
				CLANG_ANALYZER_NONNULL = YES;
				CLANG_ANALYZER_NUMBER_OBJECT_CONVERSION = YES_AGGRESSIVE;
				CLANG_CXX_LANGUAGE_STANDARD = "gnu++20";
				CLANG_ENABLE_MODULES = YES;
				CLANG_ENABLE_OBJC_ARC = YES;
				CLANG_ENABLE_OBJC_WEAK = YES;
				CLANG_WARN_BLOCK_CAPTURE_AUTORELEASING = YES;
				CLANG_WARN_BOOL_CONVERSION = YES;
				CLANG_WARN_COMMA = YES;
				CLANG_WARN_CONSTANT_CONVERSION = YES;
				CLANG_WARN_DEPRECATED_OBJC_IMPLEMENTATIONS = YES;
				CLANG_WARN_DIRECT_OBJC_ISA_USAGE = YES_ERROR;
				CLANG_WARN_DOCUMENTATION_COMMENTS = YES;
				CLANG_WARN_EMPTY_BODY = YES;
				CLANG_WARN_ENUM_CONVERSION = YES;
				CLANG_WARN_INFINITE_RECURSION = YES;
				CLANG_WARN_INT_CONVERSION = YES;
				CLANG_WARN_NON_LITERAL_NULL_CONVERSION = YES;
				CLANG_WARN_OBJC_IMPLICIT_RETAIN_SELF = YES;
				CLANG_WARN_OBJC_LITERAL_CONVERSION = YES;
				CLANG_WARN_OBJC_ROOT_CLASS = YES_ERROR;
				CLANG_WARN_QUOTED_INCLUDE_IN_FRAMEWORK_HEADER = YES;
				CLANG_WARN_RANGE_LOOP_ANALYSIS = YES;
				CLANG_WARN_STRICT_PROTOTYPES = YES;
				CLANG_WARN_SUSPICIOUS_MOVE = YES;
				CLANG_WARN_UNGUARDED_AVAILABILITY = YES_AGGRESSIVE;
				CLANG_WARN_UNREACHABLE_CODE = YES;
				CLANG_WARN__DUPLICATE_METHOD_MATCH = YES;
				COPY_PHASE_STRIP = NO;
				DEBUG_INFORMATION_FORMAT = "dwarf-with-dsym";
				ENABLE_NS_ASSERTIONS = NO;
				ENABLE_STRICT_OBJC_MSGSEND = YES;
				ENABLE_USER_SCRIPT_SANDBOXING = YES;
				GCC_C_LANGUAGE_STANDARD = gnu17;
				GCC_NO_COMMON_BLOCKS = YES;
				GCC_WARN_64_TO_32_BIT_CONVERSION = YES;
				GCC_WARN_ABOUT_RETURN_TYPE = YES_ERROR;
				GCC_WARN_UNDECLARED_SELECTOR = YES;
				GCC_WARN_UNINITIALIZED_AUTOS = YES_AGGRESSIVE;
				GCC_WARN_UNUSED_FUNCTION = YES;
				GCC_WARN_UNUSED_VARIABLE = YES;
				IPHONEOS_DEPLOYMENT_TARGET = 17.0;
				LOCALIZATION_PREFERS_STRING_CATALOGS = YES;
				MTL_ENABLE_DEBUG_INFO = NO;
				MTL_FAST_MATH = YES;
				SDKROOT = iphoneos;
				SWIFT_COMPILATION_MODE = wholemodule;
				VALIDATE_PRODUCT = YES;
			};
			name = Release;
		};
		E43F10872B9F04FD00602228 /* Debug */ = {
			isa = XCBuildConfiguration;
			buildSettings = {
				ASSETCATALOG_COMPILER_APPICON_NAME = AppIcon;
				ASSETCATALOG_COMPILER_GLOBAL_ACCENT_COLOR_NAME = AccentColor;
				CODE_SIGN_STYLE = Automatic;
				CURRENT_PROJECT_VERSION = 1;
				DEVELOPMENT_TEAM = T9K9SVKFJF;
				GENERATE_INFOPLIST_FILE = YES;
				INFOPLIST_FILE = ProgrammaticallyNavigation/Info.plist;
				INFOPLIST_KEY_UIApplicationSupportsIndirectInputEvents = YES;
				INFOPLIST_KEY_UILaunchStoryboardName = LaunchScreen;
				INFOPLIST_KEY_UISupportedInterfaceOrientations_iPad = "UIInterfaceOrientationPortrait UIInterfaceOrientationPortraitUpsideDown UIInterfaceOrientationLandscapeLeft UIInterfaceOrientationLandscapeRight";
				INFOPLIST_KEY_UISupportedInterfaceOrientations_iPhone = "UIInterfaceOrientationPortrait UIInterfaceOrientationLandscapeLeft UIInterfaceOrientationLandscapeRight";
				LD_RUNPATH_SEARCH_PATHS = (
					"$(inherited)",
					"@executable_path/Frameworks",
				);
				MARKETING_VERSION = 1.0;
				PRODUCT_BUNDLE_IDENTIFIER = com.example.ProgrammaticallyNavigation;
				PRODUCT_NAME = "$(TARGET_NAME)";
				SWIFT_EMIT_LOC_STRINGS = YES;
				SWIFT_VERSION = 5.0;
				TARGETED_DEVICE_FAMILY = "1,2";
			};
			name = Debug;
		};
		E43F10882B9F04FD00602228 /* Release */ = {
			isa = XCBuildConfiguration;
			buildSettings = {
				ASSETCATALOG_COMPILER_APPICON_NAME = AppIcon;
				ASSETCATALOG_COMPILER_GLOBAL_ACCENT_COLOR_NAME = AccentColor;
				CODE_SIGN_STYLE = Automatic;
				CURRENT_PROJECT_VERSION = 1;
				DEVELOPMENT_TEAM = T9K9SVKFJF;
				GENERATE_INFOPLIST_FILE = YES;
				INFOPLIST_FILE = ProgrammaticallyNavigation/Info.plist;
				INFOPLIST_KEY_UIApplicationSupportsIndirectInputEvents = YES;
				INFOPLIST_KEY_UILaunchStoryboardName = LaunchScreen;
				INFOPLIST_KEY_UISupportedInterfaceOrientations_iPad = "UIInterfaceOrientationPortrait UIInterfaceOrientationPortraitUpsideDown UIInterfaceOrientationLandscapeLeft UIInterfaceOrientationLandscapeRight";
				INFOPLIST_KEY_UISupportedInterfaceOrientations_iPhone = "UIInterfaceOrientationPortrait UIInterfaceOrientationLandscapeLeft UIInterfaceOrientationLandscapeRight";
				LD_RUNPATH_SEARCH_PATHS = (
					"$(inherited)",
					"@executable_path/Frameworks",
				);
				MARKETING_VERSION = 1.0;
				PRODUCT_BUNDLE_IDENTIFIER = com.example.ProgrammaticallyNavigation;
				PRODUCT_NAME = "$(TARGET_NAME)";
				SWIFT_EMIT_LOC_STRINGS = YES;
				SWIFT_VERSION = 5.0;
				TARGETED_DEVICE_FAMILY = "1,2";
			};
			name = Release;
		};
		E43F108A2B9F04FD00602228 /* Debug */ = {
			isa = XCBuildConfiguration;
			buildSettings = {
				ALWAYS_EMBED_SWIFT_STANDARD_LIBRARIES = YES;
				BUNDLE_LOADER = "$(TEST_HOST)";
				CODE_SIGN_STYLE = Automatic;
				CURRENT_PROJECT_VERSION = 1;
				DEVELOPMENT_TEAM = T9K9SVKFJF;
				GENERATE_INFOPLIST_FILE = YES;
				IPHONEOS_DEPLOYMENT_TARGET = 17.0;
				MARKETING_VERSION = 1.0;
				PRODUCT_BUNDLE_IDENTIFIER = com.example.ProgrammaticallyNavigationTests;
				PRODUCT_NAME = "$(TARGET_NAME)";
				SWIFT_EMIT_LOC_STRINGS = NO;
				SWIFT_VERSION = 5.0;
				TARGETED_DEVICE_FAMILY = "1,2";
				TEST_HOST = "$(BUILT_PRODUCTS_DIR)/ProgrammaticallyNavigation.app/$(BUNDLE_EXECUTABLE_FOLDER_PATH)/ProgrammaticallyNavigation";
			};
			name = Debug;
		};
		E43F108B2B9F04FD00602228 /* Release */ = {
			isa = XCBuildConfiguration;
			buildSettings = {
				ALWAYS_EMBED_SWIFT_STANDARD_LIBRARIES = YES;
				BUNDLE_LOADER = "$(TEST_HOST)";
				CODE_SIGN_STYLE = Automatic;
				CURRENT_PROJECT_VERSION = 1;
				DEVELOPMENT_TEAM = T9K9SVKFJF;
				GENERATE_INFOPLIST_FILE = YES;
				IPHONEOS_DEPLOYMENT_TARGET = 17.0;
				MARKETING_VERSION = 1.0;
				PRODUCT_BUNDLE_IDENTIFIER = com.example.ProgrammaticallyNavigationTests;
				PRODUCT_NAME = "$(TARGET_NAME)";
				SWIFT_EMIT_LOC_STRINGS = NO;
				SWIFT_VERSION = 5.0;
				TARGETED_DEVICE_FAMILY = "1,2";
				TEST_HOST = "$(BUILT_PRODUCTS_DIR)/ProgrammaticallyNavigation.app/$(BUNDLE_EXECUTABLE_FOLDER_PATH)/ProgrammaticallyNavigation";
			};
			name = Release;
		};
		E43F108D2B9F04FD00602228 /* Debug */ = {
			isa = XCBuildConfiguration;
			buildSettings = {
				ALWAYS_EMBED_SWIFT_STANDARD_LIBRARIES = YES;
				CODE_SIGN_STYLE = Automatic;
				CURRENT_PROJECT_VERSION = 1;
				DEVELOPMENT_TEAM = T9K9SVKFJF;
				GENERATE_INFOPLIST_FILE = YES;
				MARKETING_VERSION = 1.0;
				PRODUCT_BUNDLE_IDENTIFIER = com.example.ProgrammaticallyNavigationUITests;
				PRODUCT_NAME = "$(TARGET_NAME)";
				SWIFT_EMIT_LOC_STRINGS = NO;
				SWIFT_VERSION = 5.0;
				TARGETED_DEVICE_FAMILY = "1,2";
				TEST_TARGET_NAME = ProgrammaticallyNavigation;
			};
			name = Debug;
		};
		E43F108E2B9F04FD00602228 /* Release */ = {
			isa = XCBuildConfiguration;
			buildSettings = {
				ALWAYS_EMBED_SWIFT_STANDARD_LIBRARIES = YES;
				CODE_SIGN_STYLE = Automatic;
				CURRENT_PROJECT_VERSION = 1;
				DEVELOPMENT_TEAM = T9K9SVKFJF;
				GENERATE_INFOPLIST_FILE = YES;
				MARKETING_VERSION = 1.0;
				PRODUCT_BUNDLE_IDENTIFIER = com.example.ProgrammaticallyNavigationUITests;
				PRODUCT_NAME = "$(TARGET_NAME)";
				SWIFT_EMIT_LOC_STRINGS = NO;
				SWIFT_VERSION = 5.0;
				TARGETED_DEVICE_FAMILY = "1,2";
				TEST_TARGET_NAME = ProgrammaticallyNavigation;
			};
			name = Release;
		};
/* End XCBuildConfiguration section */

/* Begin XCConfigurationList section */
		E43F10572B9F04FA00602228 /* Build configuration list for PBXProject "ProgrammaticallyNavigation" */ = {
			isa = XCConfigurationList;
			buildConfigurations = (
				E43F10842B9F04FD00602228 /* Debug */,
				E43F10852B9F04FD00602228 /* Release */,
			);
			defaultConfigurationIsVisible = 0;
			defaultConfigurationName = Release;
		};
		E43F10862B9F04FD00602228 /* Build configuration list for PBXNativeTarget "ProgrammaticallyNavigation" */ = {
			isa = XCConfigurationList;
			buildConfigurations = (
				E43F10872B9F04FD00602228 /* Debug */,
				E43F10882B9F04FD00602228 /* Release */,
			);
			defaultConfigurationIsVisible = 0;
			defaultConfigurationName = Release;
		};
		E43F10892B9F04FD00602228 /* Build configuration list for PBXNativeTarget "ProgrammaticallyNavigationTests" */ = {
			isa = XCConfigurationList;
			buildConfigurations = (
				E43F108A2B9F04FD00602228 /* Debug */,
				E43F108B2B9F04FD00602228 /* Release */,
			);
			defaultConfigurationIsVisible = 0;
			defaultConfigurationName = Release;
		};
		E43F108C2B9F04FD00602228 /* Build configuration list for PBXNativeTarget "ProgrammaticallyNavigationUITests" */ = {
			isa = XCConfigurationList;
			buildConfigurations = (
				E43F108D2B9F04FD00602228 /* Debug */,
				E43F108E2B9F04FD00602228 /* Release */,
			);
			defaultConfigurationIsVisible = 0;
			defaultConfigurationName = Release;
		};
/* End XCConfigurationList section */
	};
	rootObject = E43F10542B9F04FA00602228 /* Project object */;
}
